
Microsoft Visual Studio Solution File, Format Version 12.00
Project("{FAE04EC0-301F-11D3-BF4B-00C04F79EFBC}") = "Integrations", "Integrations\Integrations.csproj", "{F1AE2004-C0EA-4B31-B9B4-FDC0D031BFEE}"
EndProject
Project("{FAE04EC0-301F-11D3-BF4B-00C04F79EFBC}") = "Integrations.Test", "Integrations.Test\Integrations.Test.csproj", "{7E18744C-D181-400D-A11D-DE915DC9CE99}"
EndProject
Project("{FAE04EC0-301F-11D3-BF4B-00C04F79EFBC}") = "Core", "Core\Core.csproj", "{B6937476-1A7D-45E7-BD35-D7B000F0F5B5}"
EndProject
Project("{FAE04EC0-301F-11D3-BF4B-00C04F79EFBC}") = "Core.Test", "Core.Test\Core.Test.csproj", "{24E19A7A-01BE-4C3D-B2CE-4019FB42383C}"
EndProject
Project("{FAE04EC0-301F-11D3-BF4B-00C04F79EFBC}") = "HumanTime", "HumanTime\HumanTime.csproj", "{4AB07F09-1CCE-4454-81DA-2B1ED8ECB723}"
EndProject
Project("{FAE04EC0-301F-11D3-BF4B-00C04F79EFBC}") = "HumanTime.Test", "HumanTime.Test\HumanTime.Test.csproj", "{4CBD40B6-0C0C-4371-922A-055A545A072E}"
EndProject
Global
	GlobalSection(SolutionConfigurationPlatforms) = preSolution
		Debug|Any CPU = Debug|Any CPU
		Release|Any CPU = Release|Any CPU
	EndGlobalSection
	GlobalSection(ProjectConfigurationPlatforms) = postSolution
		{F1AE2004-C0EA-4B31-B9B4-FDC0D031BFEE}.Debug|Any CPU.ActiveCfg = Debug|Any CPU
		{F1AE2004-C0EA-4B31-B9B4-FDC0D031BFEE}.Debug|Any CPU.Build.0 = Debug|Any CPU
		{F1AE2004-C0EA-4B31-B9B4-FDC0D031BFEE}.Release|Any CPU.ActiveCfg = Release|Any CPU
		{F1AE2004-C0EA-4B31-B9B4-FDC0D031BFEE}.Release|Any CPU.Build.0 = Release|Any CPU
		{7E18744C-D181-400D-A11D-DE915DC9CE99}.Debug|Any CPU.ActiveCfg = Debug|Any CPU
		{7E18744C-D181-400D-A11D-DE915DC9CE99}.Debug|Any CPU.Build.0 = Debug|Any CPU
		{7E18744C-D181-400D-A11D-DE915DC9CE99}.Release|Any CPU.ActiveCfg = Release|Any CPU
		{7E18744C-D181-400D-A11D-DE915DC9CE99}.Release|Any CPU.Build.0 = Release|Any CPU
		{B6937476-1A7D-45E7-BD35-D7B000F0F5B5}.Debug|Any CPU.ActiveCfg = Debug|Any CPU
		{B6937476-1A7D-45E7-BD35-D7B000F0F5B5}.Debug|Any CPU.Build.0 = Debug|Any CPU
		{B6937476-1A7D-45E7-BD35-D7B000F0F5B5}.Release|Any CPU.ActiveCfg = Release|Any CPU
		{B6937476-1A7D-45E7-BD35-D7B000F0F5B5}.Release|Any CPU.Build.0 = Release|Any CPU
		{24E19A7A-01BE-4C3D-B2CE-4019FB42383C}.Debug|Any CPU.ActiveCfg = Debug|Any CPU
		{24E19A7A-01BE-4C3D-B2CE-4019FB42383C}.Debug|Any CPU.Build.0 = Debug|Any CPU
		{24E19A7A-01BE-4C3D-B2CE-4019FB42383C}.Release|Any CPU.ActiveCfg = Release|Any CPU
		{24E19A7A-01BE-4C3D-B2CE-4019FB42383C}.Release|Any CPU.Build.0 = Release|Any CPU
		{4AB07F09-1CCE-4454-81DA-2B1ED8ECB723}.Debug|Any CPU.ActiveCfg = Debug|Any CPU
		{4AB07F09-1CCE-4454-81DA-2B1ED8ECB723}.Debug|Any CPU.Build.0 = Debug|Any CPU
		{4AB07F09-1CCE-4454-81DA-2B1ED8ECB723}.Release|Any CPU.ActiveCfg = Release|Any CPU
		{4AB07F09-1CCE-4454-81DA-2B1ED8ECB723}.Release|Any CPU.Build.0 = Release|Any CPU
		{4CBD40B6-0C0C-4371-922A-055A545A072E}.Debug|Any CPU.ActiveCfg = Debug|Any CPU
		{4CBD40B6-0C0C-4371-922A-055A545A072E}.Debug|Any CPU.Build.0 = Debug|Any CPU
		{4CBD40B6-0C0C-4371-922A-055A545A072E}.Release|Any CPU.ActiveCfg = Release|Any CPU
		{4CBD40B6-0C0C-4371-922A-055A545A072E}.Release|Any CPU.Build.0 = Release|Any CPU
	EndGlobalSection
EndGlobal
